
Microsoft Visual Studio Solution File, Format Version 12.00
# Visual Studio 2012
Project("{FAE04EC0-301F-11D3-BF4B-00C04F79EFBC}") = "HttpServer", "HTTPServer\HttpServer.csproj", "{E6E5FC8E-8B94-4F1E-91BB-750B40ACB96E}"
EndProject
Project("{FAE04EC0-301F-11D3-BF4B-00C04F79EFBC}") = "HttpServerLib", "HttpServerLib\HttpServerLib.csproj", "{C2310E13-8D59-4632-BF91-203BFF2FFE4F}"
EndProject
Global
	GlobalSection(SolutionConfigurationPlatforms) = preSolution
		Debug|Any CPU = Debug|Any CPU
		Release|Any CPU = Release|Any CPU
	EndGlobalSection
	GlobalSection(ProjectConfigurationPlatforms) = postSolution
		{E6E5FC8E-8B94-4F1E-91BB-750B40ACB96E}.Debug|Any CPU.ActiveCfg = Debug|Any CPU
		{E6E5FC8E-8B94-4F1E-91BB-750B40ACB96E}.Debug|Any CPU.Build.0 = Debug|Any CPU
		{E6E5FC8E-8B94-4F1E-91BB-750B40ACB96E}.Release|Any CPU.ActiveCfg = Release|Any CPU
		{E6E5FC8E-8B94-4F1E-91BB-750B40ACB96E}.Release|Any CPU.Build.0 = Release|Any CPU
		{C2310E13-8D59-4632-BF91-203BFF2FFE4F}.Debug|Any CPU.ActiveCfg = Debug|Any CPU
		{C2310E13-8D59-4632-BF91-203BFF2FFE4F}.Debug|Any CPU.Build.0 = Debug|Any CPU
		{C2310E13-8D59-4632-BF91-203BFF2FFE4F}.Release|Any CPU.ActiveCfg = Release|Any CPU
		{C2310E13-8D59-4632-BF91-203BFF2FFE4F}.Release|Any CPU.Build.0 = Release|Any CPU
	EndGlobalSection
	GlobalSection(SolutionProperties) = preSolution
		HideSolutionNode = FALSE
	EndGlobalSection
EndGlobal
